{
  "lockfile_version": "1",
  "packages": {
    "nixd@latest": {
      "last_modified": "2024-10-13T23:44:06Z",
      "resolved": "github:NixOS/nixpkgs/d4f247e89f6e10120f911e2e2d2254a050d0f732#nixd",
      "source": "devbox-search",
      "version": "2.4.0",
      "systems": {
        "aarch64-darwin": {
          "outputs": [
            {
              "name": "out",
              "path": "/nix/store/w0dnwfvlgnvvfxidwzj0cj1jjv7lz9yi-nixd-2.4.0",
              "default": true
            }
          ],
          "store_path": "/nix/store/w0dnwfvlgnvvfxidwzj0cj1jjv7lz9yi-nixd-2.4.0"
        },
        "aarch64-linux": {
          "outputs": [
            {
              "name": "out",
              "path": "/nix/store/v1f3h82lqg6rnmxx1kch4jkvv41bnn29-nixd-2.4.0",
              "default": true
            }
          ],
          "store_path": "/nix/store/v1f3h82lqg6rnmxx1kch4jkvv41bnn29-nixd-2.4.0"
        },
        "x86_64-darwin": {
          "outputs": [
            {
              "name": "out",
              "path": "/nix/store/4625ircdyp6nrf8s4nbpgs99rxmmnyvg-nixd-2.4.0",
              "default": true
            }
          ],
          "store_path": "/nix/store/4625ircdyp6nrf8s4nbpgs99rxmmnyvg-nixd-2.4.0"
        },
        "x86_64-linux": {
          "outputs": [
            {
              "name": "out",
              "path": "/nix/store/aq3ajiq9944asr56nljw6kh2xcpnmzk0-nixd-2.4.0",
              "default": true
            }
          ],
          "store_path": "/nix/store/aq3ajiq9944asr56nljw6kh2xcpnmzk0-nixd-2.4.0"
        }
      }
    }
  }
}
